
Microsoft Visual Studio Solution File, Format Version 12.00
# Visual Studio Version 16
VisualStudioVersion = 16.0.31729.503
MinimumVisualStudioVersion = 10.0.40219.1
Project("{9A19103F-16F7-4668-BE54-9A1E7A4F7556}") = "L01", "L01\L01.csproj", "{746910FE-6AC2-4E57-B048-29E3E9D512B7}"
EndProject
Project("{9A19103F-16F7-4668-BE54-9A1E7A4F7556}") = "L02", "L02\L02.csproj", "{8D723E0A-E1EC-4C88-8E21-D65A37B4A39F}"
EndProject
Project("{9A19103F-16F7-4668-BE54-9A1E7A4F7556}") = "L03", "L03\L03.csproj", "{D181F9B4-1C87-43B0-B635-A320790972C9}"
EndProject
Project("{9A19103F-16F7-4668-BE54-9A1E7A4F7556}") = "L04", "L04\L04.csproj", "{46EA50BC-FE01-4352-B8B7-D324DB626957}"
EndProject
Project("{9A19103F-16F7-4668-BE54-9A1E7A4F7556}") = "L05", "L05\L05.csproj", "{FEEA356D-6C08-4C1A-9A81-5FD4D7B02FF9}"
EndProject
Project("{9A19103F-16F7-4668-BE54-9A1E7A4F7556}") = "L06", "L06\L06.csproj", "{1EDDE7E2-9C62-4EA3-B664-3DB5B1E8D79E}"
EndProject
Project("{9A19103F-16F7-4668-BE54-9A1E7A4F7556}") = "L07", "L07\L07.csproj", "{05126777-FED6-4E28-8628-FAC5070B5E64}"
EndProject
Project("{9A19103F-16F7-4668-BE54-9A1E7A4F7556}") = "L08", "L08\L08.csproj", "{EBE1B32B-DC9A-4962-A278-55D2E093D80A}"
EndProject
Project("{9A19103F-16F7-4668-BE54-9A1E7A4F7556}") = "L09", "L09\L09.csproj", "{08002E0A-4967-4073-898C-5C307A7317FE}"
EndProject
Project("{9A19103F-16F7-4668-BE54-9A1E7A4F7556}") = "L10", "L10\L10.csproj", "{0ADD07B2-9F47-461E-8E5F-896639E6121B}"
EndProject
Project("{9A19103F-16F7-4668-BE54-9A1E7A4F7556}") = "L11", "L11\L11.csproj", "{83E7FB70-39BD-4C70-B164-741B77089719}"
EndProject
Project("{9A19103F-16F7-4668-BE54-9A1E7A4F7556}") = "ESE", "ESE\ESE.csproj", "{F6C14101-3FB4-4178-915A-54C0B12EC47F}"
EndProject
Project("{9A19103F-16F7-4668-BE54-9A1E7A4F7556}") = "L12", "L12\L12.csproj", "{373DA039-7E7E-4358-9F08-93857EDE6BC3}"
EndProject
Project("{9A19103F-16F7-4668-BE54-9A1E7A4F7556}") = "L13", "L13\L13.csproj", "{D1D67401-4A68-49E7-9E55-6817404556B1}"
EndProject
Project("{FAE04EC0-301F-11D3-BF4B-00C04F79EFBC}") = "FYP", "FYP\FYP.csproj", "{5BB7D06B-A545-4D57-9E02-0F385B677659}"
EndProject
Global
	GlobalSection(SolutionConfigurationPlatforms) = preSolution
		Debug|Any CPU = Debug|Any CPU
		Release|Any CPU = Release|Any CPU
	EndGlobalSection
	GlobalSection(ProjectConfigurationPlatforms) = postSolution
		{746910FE-6AC2-4E57-B048-29E3E9D512B7}.Debug|Any CPU.ActiveCfg = Debug|Any CPU
		{746910FE-6AC2-4E57-B048-29E3E9D512B7}.Debug|Any CPU.Build.0 = Debug|Any CPU
		{746910FE-6AC2-4E57-B048-29E3E9D512B7}.Release|Any CPU.ActiveCfg = Release|Any CPU
		{746910FE-6AC2-4E57-B048-29E3E9D512B7}.Release|Any CPU.Build.0 = Release|Any CPU
		{8D723E0A-E1EC-4C88-8E21-D65A37B4A39F}.Debug|Any CPU.ActiveCfg = Debug|Any CPU
		{8D723E0A-E1EC-4C88-8E21-D65A37B4A39F}.Debug|Any CPU.Build.0 = Debug|Any CPU
		{8D723E0A-E1EC-4C88-8E21-D65A37B4A39F}.Release|Any CPU.ActiveCfg = Release|Any CPU
		{8D723E0A-E1EC-4C88-8E21-D65A37B4A39F}.Release|Any CPU.Build.0 = Release|Any CPU
		{D181F9B4-1C87-43B0-B635-A320790972C9}.Debug|Any CPU.ActiveCfg = Debug|Any CPU
		{D181F9B4-1C87-43B0-B635-A320790972C9}.Debug|Any CPU.Build.0 = Debug|Any CPU
		{D181F9B4-1C87-43B0-B635-A320790972C9}.Release|Any CPU.ActiveCfg = Release|Any CPU
		{D181F9B4-1C87-43B0-B635-A320790972C9}.Release|Any CPU.Build.0 = Release|Any CPU
		{46EA50BC-FE01-4352-B8B7-D324DB626957}.Debug|Any CPU.ActiveCfg = Debug|Any CPU
		{46EA50BC-FE01-4352-B8B7-D324DB626957}.Debug|Any CPU.Build.0 = Debug|Any CPU
		{46EA50BC-FE01-4352-B8B7-D324DB626957}.Release|Any CPU.ActiveCfg = Release|Any CPU
		{46EA50BC-FE01-4352-B8B7-D324DB626957}.Release|Any CPU.Build.0 = Release|Any CPU
		{FEEA356D-6C08-4C1A-9A81-5FD4D7B02FF9}.Debug|Any CPU.ActiveCfg = Debug|Any CPU
		{FEEA356D-6C08-4C1A-9A81-5FD4D7B02FF9}.Debug|Any CPU.Build.0 = Debug|Any CPU
		{FEEA356D-6C08-4C1A-9A81-5FD4D7B02FF9}.Release|Any CPU.ActiveCfg = Release|Any CPU
		{FEEA356D-6C08-4C1A-9A81-5FD4D7B02FF9}.Release|Any CPU.Build.0 = Release|Any CPU
		{1EDDE7E2-9C62-4EA3-B664-3DB5B1E8D79E}.Debug|Any CPU.ActiveCfg = Debug|Any CPU
		{1EDDE7E2-9C62-4EA3-B664-3DB5B1E8D79E}.Debug|Any CPU.Build.0 = Debug|Any CPU
		{1EDDE7E2-9C62-4EA3-B664-3DB5B1E8D79E}.Release|Any CPU.ActiveCfg = Release|Any CPU
		{1EDDE7E2-9C62-4EA3-B664-3DB5B1E8D79E}.Release|Any CPU.Build.0 = Release|Any CPU
		{05126777-FED6-4E28-8628-FAC5070B5E64}.Debug|Any CPU.ActiveCfg = Debug|Any CPU
		{05126777-FED6-4E28-8628-FAC5070B5E64}.Debug|Any CPU.Build.0 = Debug|Any CPU
		{05126777-FED6-4E28-8628-FAC5070B5E64}.Release|Any CPU.ActiveCfg = Release|Any CPU
		{05126777-FED6-4E28-8628-FAC5070B5E64}.Release|Any CPU.Build.0 = Release|Any CPU
		{EBE1B32B-DC9A-4962-A278-55D2E093D80A}.Debug|Any CPU.ActiveCfg = Debug|Any CPU
		{EBE1B32B-DC9A-4962-A278-55D2E093D80A}.Debug|Any CPU.Build.0 = Debug|Any CPU
		{EBE1B32B-DC9A-4962-A278-55D2E093D80A}.Release|Any CPU.ActiveCfg = Release|Any CPU
		{EBE1B32B-DC9A-4962-A278-55D2E093D80A}.Release|Any CPU.Build.0 = Release|Any CPU
		{08002E0A-4967-4073-898C-5C307A7317FE}.Debug|Any CPU.ActiveCfg = Debug|Any CPU
		{08002E0A-4967-4073-898C-5C307A7317FE}.Debug|Any CPU.Build.0 = Debug|Any CPU
		{08002E0A-4967-4073-898C-5C307A7317FE}.Release|Any CPU.ActiveCfg = Release|Any CPU
		{08002E0A-4967-4073-898C-5C307A7317FE}.Release|Any CPU.Build.0 = Release|Any CPU
		{0ADD07B2-9F47-461E-8E5F-896639E6121B}.Debug|Any CPU.ActiveCfg = Debug|Any CPU
		{0ADD07B2-9F47-461E-8E5F-896639E6121B}.Debug|Any CPU.Build.0 = Debug|Any CPU
		{0ADD07B2-9F47-461E-8E5F-896639E6121B}.Release|Any CPU.ActiveCfg = Release|Any CPU
		{0ADD07B2-9F47-461E-8E5F-896639E6121B}.Release|Any CPU.Build.0 = Release|Any CPU
		{83E7FB70-39BD-4C70-B164-741B77089719}.Debug|Any CPU.ActiveCfg = Debug|Any CPU
		{83E7FB70-39BD-4C70-B164-741B77089719}.Debug|Any CPU.Build.0 = Debug|Any CPU
		{83E7FB70-39BD-4C70-B164-741B77089719}.Release|Any CPU.ActiveCfg = Release|Any CPU
		{83E7FB70-39BD-4C70-B164-741B77089719}.Release|Any CPU.Build.0 = Release|Any CPU
		{F6C14101-3FB4-4178-915A-54C0B12EC47F}.Debug|Any CPU.ActiveCfg = Debug|Any CPU
		{F6C14101-3FB4-4178-915A-54C0B12EC47F}.Debug|Any CPU.Build.0 = Debug|Any CPU
		{F6C14101-3FB4-4178-915A-54C0B12EC47F}.Release|Any CPU.ActiveCfg = Release|Any CPU
		{F6C14101-3FB4-4178-915A-54C0B12EC47F}.Release|Any CPU.Build.0 = Release|Any CPU
		{373DA039-7E7E-4358-9F08-93857EDE6BC3}.Debug|Any CPU.ActiveCfg = Debug|Any CPU
		{373DA039-7E7E-4358-9F08-93857EDE6BC3}.Debug|Any CPU.Build.0 = Debug|Any CPU
		{373DA039-7E7E-4358-9F08-93857EDE6BC3}.Release|Any CPU.ActiveCfg = Release|Any CPU
		{373DA039-7E7E-4358-9F08-93857EDE6BC3}.Release|Any CPU.Build.0 = Release|Any CPU
		{D1D67401-4A68-49E7-9E55-6817404556B1}.Debug|Any CPU.ActiveCfg = Debug|Any CPU
		{D1D67401-4A68-49E7-9E55-6817404556B1}.Debug|Any CPU.Build.0 = Debug|Any CPU
		{D1D67401-4A68-49E7-9E55-6817404556B1}.Release|Any CPU.ActiveCfg = Release|Any CPU
		{D1D67401-4A68-49E7-9E55-6817404556B1}.Release|Any CPU.Build.0 = Release|Any CPU
		{5BB7D06B-A545-4D57-9E02-0F385B677659}.Debug|Any CPU.ActiveCfg = Debug|Any CPU
		{5BB7D06B-A545-4D57-9E02-0F385B677659}.Debug|Any CPU.Build.0 = Debug|Any CPU
		{5BB7D06B-A545-4D57-9E02-0F385B677659}.Release|Any CPU.ActiveCfg = Release|Any CPU
		{5BB7D06B-A545-4D57-9E02-0F385B677659}.Release|Any CPU.Build.0 = Release|Any CPU
	EndGlobalSection
	GlobalSection(SolutionProperties) = preSolution
		HideSolutionNode = FALSE
	EndGlobalSection
	GlobalSection(ExtensibilityGlobals) = postSolution
		SolutionGuid = {BCA277B4-D147-4550-B9D5-0D7BAE94B747}
	EndGlobalSection
EndGlobal
